
Microsoft Visual Studio Solution File, Format Version 12.00
# Visual Studio Version 17
VisualStudioVersion = 17.3.32804.467
MinimumVisualStudioVersion = 10.0.40219.1
Project("{FAE04EC0-301F-11D3-BF4B-00C04F79EFBC}") = "AspNetRepository", "AspNetRepository\AspNetRepository.csproj", "{CF8144D1-2CAB-4D19-8370-820D8F0E3F4B}"
EndProject
Global
	GlobalSection(SolutionConfigurationPlatforms) = preSolution
		Debug|Any CPU = Debug|Any CPU
		Release|Any CPU = Release|Any CPU
	EndGlobalSection
	GlobalSection(ProjectConfigurationPlatforms) = postSolution
		{CF8144D1-2CAB-4D19-8370-820D8F0E3F4B}.Debug|Any CPU.ActiveCfg = Debug|Any CPU
		{CF8144D1-2CAB-4D19-8370-820D8F0E3F4B}.Debug|Any CPU.Build.0 = Debug|Any CPU
		{CF8144D1-2CAB-4D19-8370-820D8F0E3F4B}.Release|Any CPU.ActiveCfg = Release|Any CPU
		{CF8144D1-2CAB-4D19-8370-820D8F0E3F4B}.Release|Any CPU.Build.0 = Release|Any CPU
	EndGlobalSection
	GlobalSection(SolutionProperties) = preSolution
		HideSolutionNode = FALSE
	EndGlobalSection
	GlobalSection(ExtensibilityGlobals) = postSolution
		SolutionGuid = {1FF99CFF-6124-4AF8-8EE5-A113D09AEF70}
	EndGlobalSection
EndGlobal
